{
  "originHash" : "2caf368aea7d702055a72b6f248031418a4e355aa005901740c0ec94a72ac2ae",
  "pins" : [
    {
      "identity" : "libgit2",
      "kind" : "remoteSourceControl",
      "location" : "https://github.com/ibrahimcetin/libgit2.git",
      "state" : {
        "revision" : "52287b0914f300f916b58fec80e13d8dd8f6824f",
        "version" : "1.9.2"
      }
    }
  ],
  "version" : 3
}
